// !$*UTF8*$!
{
	archiveVersion = 1;
	classes = {
	};
	objectVersion = 46;
	objects = {

/* Begin PBXBuildFile section */
		3E9296141E4C1D5000408FA8 /* RootNavViewController.swift in Sources */ = {isa = PBXBuildFile; fileRef = 3E9296131E4C1D5000408FA8 /* RootNavViewController.swift */; };
		3E9296161E4C1EA500408FA8 /* BaseViewController.swift in Sources */ = {isa = PBXBuildFile; fileRef = 3E9296151E4C1EA500408FA8 /* BaseViewController.swift */; };
		3E9296181E4C256600408FA8 /* Constant.swift in Sources */ = {isa = PBXBuildFile; fileRef = 3E9296171E4C256600408FA8 /* Constant.swift */; };
		3E92961B1E4C260800408FA8 /* SetttingHelper.swift in Sources */ = {isa = PBXBuildFile; fileRef = 3E92961A1E4C260800408FA8 /* SetttingHelper.swift */; };
		3EAAC7DD1E334C66008DA833 /* AppDelegate.swift in Sources */ = {isa = PBXBuildFile; fileRef = 3EAAC7DC1E334C66008DA833 /* AppDelegate.swift */; };
		3EAAC7E21E334C66008DA833 /* Main.storyboard in Resources */ = {isa = PBXBuildFile; fileRef = 3EAAC7E01E334C66008DA833 /* Main.storyboard */; };
		3EAAC7E41E334C66008DA833 /* Assets.xcassets in Resources */ = {isa = PBXBuildFile; fileRef = 3EAAC7E31E334C66008DA833 /* Assets.xcassets */; };
		3EAAC7E71E334C66008DA833 /* LaunchScreen.storyboard in Resources */ = {isa = PBXBuildFile; fileRef = 3EAAC7E51E334C66008DA833 /* LaunchScreen.storyboard */; };
		3EAAC7F31E334E52008DA833 /* HomePageViewController.swift in Sources */ = {isa = PBXBuildFile; fileRef = 3EAAC7F21E334E52008DA833 /* HomePageViewController.swift */; };
		3EAAC7F51E334EDA008DA833 /* BrowerViewController.swift in Sources */ = {isa = PBXBuildFile; fileRef = 3EAAC7F41E334EDA008DA833 /* BrowerViewController.swift */; };
		3EAAC7F71E335155008DA833 /* FileHelper.swift in Sources */ = {isa = PBXBuildFile; fileRef = 3EAAC7F61E335155008DA833 /* FileHelper.swift */; };
		3EFE8AF71E46D4D7002B4937 /* Demo.txt in Resources */ = {isa = PBXBuildFile; fileRef = 3EFE8AF61E46D4D7002B4937 /* Demo.txt */; };
		3EFE8AF91E4704BB002B4937 /* CodeSamples in Resources */ = {isa = PBXBuildFile; fileRef = 3EFE8AF81E4704BB002B4937 /* CodeSamples */; };
		3EFE8B411E481805002B4937 /* FileModel.swift in Sources */ = {isa = PBXBuildFile; fileRef = 3EFE8B401E481805002B4937 /* FileModel.swift */; };
		7A2BA0ADD5227E54C004E649 /* Pods_CodeViewerLite.framework in Frameworks */ = {isa = PBXBuildFile; fileRef = B1C21750F94FE647E4713E81 /* Pods_CodeViewerLite.framework */; };
/* End PBXBuildFile section */

/* Begin PBXFileReference section */
		237A279EAD88F61A5F27C3A6 /* Pods-CodeViewerLite.debug.xcconfig */ = {isa = PBXFileReference; includeInIndex = 1; lastKnownFileType = text.xcconfig; name = "Pods-CodeViewerLite.debug.xcconfig"; path = "Pods/Target Support Files/Pods-CodeViewerLite/Pods-CodeViewerLite.debug.xcconfig"; sourceTree = "<group>"; };
		3E9296131E4C1D5000408FA8 /* RootNavViewController.swift */ = {isa = PBXFileReference; fileEncoding = 4; lastKnownFileType = sourcecode.swift; path = RootNavViewController.swift; sourceTree = "<group>"; };
		3E9296151E4C1EA500408FA8 /* BaseViewController.swift */ = {isa = PBXFileReference; fileEncoding = 4; lastKnownFileType = sourcecode.swift; name = BaseViewController.swift; path = ../Brower/BaseViewController.swift; sourceTree = "<group>"; };
		3E9296171E4C256600408FA8 /* Constant.swift */ = {isa = PBXFileReference; fileEncoding = 4; lastKnownFileType = sourcecode.swift; name = Constant.swift; path = ../Constant.swift; sourceTree = "<group>"; };
		3E92961A1E4C260800408FA8 /* SetttingHelper.swift */ = {isa = PBXFileReference; fileEncoding = 4; lastKnownFileType = sourcecode.swift; path = SetttingHelper.swift; sourceTree = "<group>"; };
		3EAAC7D91E334C66008DA833 /* CodeViewerLite.app */ = {isa = PBXFileReference; explicitFileType = wrapper.application; includeInIndex = 0; path = CodeViewerLite.app; sourceTree = BUILT_PRODUCTS_DIR; };
		3EAAC7DC1E334C66008DA833 /* AppDelegate.swift */ = {isa = PBXFileReference; lastKnownFileType = sourcecode.swift; path = AppDelegate.swift; sourceTree = "<group>"; };
		3EAAC7E11E334C66008DA833 /* Base */ = {isa = PBXFileReference; lastKnownFileType = file.storyboard; name = Base; path = Base.lproj/Main.storyboard; sourceTree = "<group>"; };
		3EAAC7E31E334C66008DA833 /* Assets.xcassets */ = {isa = PBXFileReference; lastKnownFileType = folder.assetcatalog; path = Assets.xcassets; sourceTree = "<group>"; };
		3EAAC7E61E334C66008DA833 /* Base */ = {isa = PBXFileReference; lastKnownFileType = file.storyboard; name = Base; path = Base.lproj/LaunchScreen.storyboard; sourceTree = "<group>"; };
		3EAAC7E81E334C66008DA833 /* Info.plist */ = {isa = PBXFileReference; lastKnownFileType = text.plist.xml; path = Info.plist; sourceTree = "<group>"; };
		3EAAC7F21E334E52008DA833 /* HomePageViewController.swift */ = {isa = PBXFileReference; fileEncoding = 4; lastKnownFileType = sourcecode.swift; path = HomePageViewController.swift; sourceTree = "<group>"; };
		3EAAC7F41E334EDA008DA833 /* BrowerViewController.swift */ = {isa = PBXFileReference; fileEncoding = 4; lastKnownFileType = sourcecode.swift; path = BrowerViewController.swift; sourceTree = "<group>"; };
		3EAAC7F61E335155008DA833 /* FileHelper.swift */ = {isa = PBXFileReference; fileEncoding = 4; lastKnownFileType = sourcecode.swift; name = FileHelper.swift; path = HomePage/FileHelper.swift; sourceTree = "<group>"; };
		3EFE8AF61E46D4D7002B4937 /* Demo.txt */ = {isa = PBXFileReference; fileEncoding = 4; lastKnownFileType = text; name = Demo.txt; path = ../../Demo.txt; sourceTree = "<group>"; };
		3EFE8AF81E4704BB002B4937 /* CodeSamples */ = {isa = PBXFileReference; lastKnownFileType = folder; path = CodeSamples; sourceTree = "<group>"; };
		3EFE8B401E481805002B4937 /* FileModel.swift */ = {isa = PBXFileReference; fileEncoding = 4; lastKnownFileType = sourcecode.swift; path = FileModel.swift; sourceTree = "<group>"; };
		A248E6C52A0FF4FB1399C6CF /* Pods-CodeViewerLite.release.xcconfig */ = {isa = PBXFileReference; includeInIndex = 1; lastKnownFileType = text.xcconfig; name = "Pods-CodeViewerLite.release.xcconfig"; path = "Pods/Target Support Files/Pods-CodeViewerLite/Pods-CodeViewerLite.release.xcconfig"; sourceTree = "<group>"; };
		B1C21750F94FE647E4713E81 /* Pods_CodeViewerLite.framework */ = {isa = PBXFileReference; explicitFileType = wrapper.framework; includeInIndex = 0; path = Pods_CodeViewerLite.framework; sourceTree = BUILT_PRODUCTS_DIR; };
/* End PBXFileReference section */

/* Begin PBXFrameworksBuildPhase section */
		3EAAC7D61E334C66008DA833 /* Frameworks */ = {
			isa = PBXFrameworksBuildPhase;
			buildActionMask = 2147483647;
			files = (
				7A2BA0ADD5227E54C004E649 /* Pods_CodeViewerLite.framework in Frameworks */,
			);
			runOnlyForDeploymentPostprocessing = 0;
		};
/* End PBXFrameworksBuildPhase section */

/* Begin PBXGroup section */
		3E9296191E4C25B500408FA8 /* Helper */ = {
			isa = PBXGroup;
			children = (
				3EFE8AF61E46D4D7002B4937 /* Demo.txt */,
				3E9296171E4C256600408FA8 /* Constant.swift */,
				3E92961A1E4C260800408FA8 /* SetttingHelper.swift */,
				3EAAC7F61E335155008DA833 /* FileHelper.swift */,
			);
			name = Helper;
			sourceTree = "<group>";
		};
		3EAAC7D01E334C66008DA833 = {
			isa = PBXGroup;
			children = (
				3EAAC7DB1E334C66008DA833 /* CodeViewerLite */,
				3EFE8AF81E4704BB002B4937 /* CodeSamples */,
				3EAAC7DA1E334C66008DA833 /* Products */,
				48878EB056C2D4737466E3EE /* Pods */,
				B9CB831D9CAB3C833C1F65A0 /* Frameworks */,
			);
			sourceTree = "<group>";
		};
		3EAAC7DA1E334C66008DA833 /* Products */ = {
			isa = PBXGroup;
			children = (
				3EAAC7D91E334C66008DA833 /* CodeViewerLite.app */,
			);
			name = Products;
			sourceTree = "<group>";
		};
		3EAAC7DB1E334C66008DA833 /* CodeViewerLite */ = {
			isa = PBXGroup;
			children = (
				3EAAC7EE1E334DAD008DA833 /* Class */,
				3EAAC7EF1E334DCA008DA833 /* Others */,
			);
			path = CodeViewerLite;
			sourceTree = "<group>";
		};
		3EAAC7EE1E334DAD008DA833 /* Class */ = {
			isa = PBXGroup;
			children = (
				3EAAC7F01E334E3D008DA833 /* Brower */,
				3EAAC7F11E334E3D008DA833 /* HomePage */,
				3E9296191E4C25B500408FA8 /* Helper */,
			);
			path = Class;
			sourceTree = "<group>";
		};
		3EAAC7EF1E334DCA008DA833 /* Others */ = {
			isa = PBXGroup;
			children = (
				3EAAC7DC1E334C66008DA833 /* AppDelegate.swift */,
				3EAAC7E01E334C66008DA833 /* Main.storyboard */,
				3EAAC7E31E334C66008DA833 /* Assets.xcassets */,
				3EAAC7E51E334C66008DA833 /* LaunchScreen.storyboard */,
				3EAAC7E81E334C66008DA833 /* Info.plist */,
			);
			name = Others;
			sourceTree = "<group>";
		};
		3EAAC7F01E334E3D008DA833 /* Brower */ = {
			isa = PBXGroup;
			children = (
				3EAAC7F41E334EDA008DA833 /* BrowerViewController.swift */,
			);
			path = Brower;
			sourceTree = "<group>";
		};
		3EAAC7F11E334E3D008DA833 /* HomePage */ = {
			isa = PBXGroup;
			children = (
				3E9296151E4C1EA500408FA8 /* BaseViewController.swift */,
				3EAAC7F21E334E52008DA833 /* HomePageViewController.swift */,
				3E9296131E4C1D5000408FA8 /* RootNavViewController.swift */,
				3EFE8B401E481805002B4937 /* FileModel.swift */,
			);
			path = HomePage;
			sourceTree = "<group>";
		};
		48878EB056C2D4737466E3EE /* Pods */ = {
			isa = PBXGroup;
			children = (
				237A279EAD88F61A5F27C3A6 /* Pods-CodeViewerLite.debug.xcconfig */,
				A248E6C52A0FF4FB1399C6CF /* Pods-CodeViewerLite.release.xcconfig */,
			);
			name = Pods;
			sourceTree = "<group>";
		};
		B9CB831D9CAB3C833C1F65A0 /* Frameworks */ = {
			isa = PBXGroup;
			children = (
				B1C21750F94FE647E4713E81 /* Pods_CodeViewerLite.framework */,
			);
			name = Frameworks;
			sourceTree = "<group>";
		};
/* End PBXGroup section */

/* Begin PBXNativeTarget section */
		3EAAC7D81E334C66008DA833 /* CodeViewerLite */ = {
			isa = PBXNativeTarget;
			buildConfigurationList = 3EAAC7EB1E334C66008DA833 /* Build configuration list for PBXNativeTarget "CodeViewerLite" */;
			buildPhases = (
				50448D493BDA62A8934383DB /* [CP] Check Pods Manifest.lock */,
				3EAAC7D51E334C66008DA833 /* Sources */,
				3EAAC7D61E334C66008DA833 /* Frameworks */,
				3EAAC7D71E334C66008DA833 /* Resources */,
				E94520AECD39B3021A93F1C6 /* [CP] Embed Pods Frameworks */,
				02DA23503A86A12F6B553E4B /* [CP] Copy Pods Resources */,
			);
			buildRules = (
			);
			dependencies = (
			);
			name = CodeViewerLite;
			productName = CodeViewerLite;
			productReference = 3EAAC7D91E334C66008DA833 /* CodeViewerLite.app */;
			productType = "com.apple.product-type.application";
		};
/* End PBXNativeTarget section */

/* Begin PBXProject section */
		3EAAC7D11E334C66008DA833 /* Project object */ = {
			isa = PBXProject;
			attributes = {
				LastSwiftUpdateCheck = 0820;
				LastUpgradeCheck = 0820;
				ORGANIZATIONNAME = wanghong;
				TargetAttributes = {
					3EAAC7D81E334C66008DA833 = {
						CreatedOnToolsVersion = 8.2;
						ProvisioningStyle = Automatic;
					};
				};
			};
			buildConfigurationList = 3EAAC7D41E334C66008DA833 /* Build configuration list for PBXProject "CodeViewerLite" */;
			compatibilityVersion = "Xcode 3.2";
			developmentRegion = English;
			hasScannedForEncodings = 0;
			knownRegions = (
				en,
				Base,
			);
			mainGroup = 3EAAC7D01E334C66008DA833;
			productRefGroup = 3EAAC7DA1E334C66008DA833 /* Products */;
			projectDirPath = "";
			projectRoot = "";
			targets = (
				3EAAC7D81E334C66008DA833 /* CodeViewerLite */,
			);
		};
/* End PBXProject section */

/* Begin PBXResourcesBuildPhase section */
		3EAAC7D71E334C66008DA833 /* Resources */ = {
			isa = PBXResourcesBuildPhase;
			buildActionMask = 2147483647;
			files = (
				3EAAC7E71E334C66008DA833 /* LaunchScreen.storyboard in Resources */,
				3EFE8AF71E46D4D7002B4937 /* Demo.txt in Resources */,
				3EFE8AF91E4704BB002B4937 /* CodeSamples in Resources */,
				3EAAC7E41E334C66008DA833 /* Assets.xcassets in Resources */,
				3EAAC7E21E334C66008DA833 /* Main.storyboard in Resources */,
			);
			runOnlyForDeploymentPostprocessing = 0;
		};
/* End PBXResourcesBuildPhase section */

/* Begin PBXShellScriptBuildPhase section */
		02DA23503A86A12F6B553E4B /* [CP] Copy Pods Resources */ = {
			isa = PBXShellScriptBuildPhase;
			buildActionMask = 2147483647;
			files = (
			);
			inputPaths = (
			);
			name = "[CP] Copy Pods Resources";
			outputPaths = (
			);
			runOnlyForDeploymentPostprocessing = 0;
			shellPath = /bin/sh;
			shellScript = "\"${SRCROOT}/Pods/Target Support Files/Pods-CodeViewerLite/Pods-CodeViewerLite-resources.sh\"\n";
			showEnvVarsInLog = 0;
		};
		50448D493BDA62A8934383DB /* [CP] Check Pods Manifest.lock */ = {
			isa = PBXShellScriptBuildPhase;
			buildActionMask = 2147483647;
			files = (
			);
			inputPaths = (
			);
			name = "[CP] Check Pods Manifest.lock";
			outputPaths = (
			);
			runOnlyForDeploymentPostprocessing = 0;
			shellPath = /bin/sh;
			shellScript = "diff \"${PODS_ROOT}/../Podfile.lock\" \"${PODS_ROOT}/Manifest.lock\" > /dev/null\nif [ $? != 0 ] ; then\n    # print error to STDERR\n    echo \"error: The sandbox is not in sync with the Podfile.lock. Run 'pod install' or update your CocoaPods installation.\" >&2\n    exit 1\nfi\n";
			showEnvVarsInLog = 0;
		};
		E94520AECD39B3021A93F1C6 /* [CP] Embed Pods Frameworks */ = {
			isa = PBXShellScriptBuildPhase;
			buildActionMask = 2147483647;
			files = (
			);
			inputPaths = (
			);
			name = "[CP] Embed Pods Frameworks";
			outputPaths = (
			);
			runOnlyForDeploymentPostprocessing = 0;
			shellPath = /bin/sh;
			shellScript = "\"${SRCROOT}/Pods/Target Support Files/Pods-CodeViewerLite/Pods-CodeViewerLite-frameworks.sh\"\n";
			showEnvVarsInLog = 0;
		};
/* End PBXShellScriptBuildPhase section */

/* Begin PBXSourcesBuildPhase section */
		3EAAC7D51E334C66008DA833 /* Sources */ = {
			isa = PBXSourcesBuildPhase;
			buildActionMask = 2147483647;
			files = (
				3EAAC7F31E334E52008DA833 /* HomePageViewController.swift in Sources */,
				3EAAC7DD1E334C66008DA833 /* AppDelegate.swift in Sources */,
				3E9296141E4C1D5000408FA8 /* RootNavViewController.swift in Sources */,
				3E9296181E4C256600408FA8 /* Constant.swift in Sources */,
				3EFE8B411E481805002B4937 /* FileModel.swift in Sources */,
				3EAAC7F51E334EDA008DA833 /* BrowerViewController.swift in Sources */,
				3E9296161E4C1EA500408FA8 /* BaseViewController.swift in Sources */,
				3E92961B1E4C260800408FA8 /* SetttingHelper.swift in Sources */,
				3EAAC7F71E335155008DA833 /* FileHelper.swift in Sources */,
			);
			runOnlyForDeploymentPostprocessing = 0;
		};
/* End PBXSourcesBuildPhase section */

/* Begin PBXVariantGroup section */
		3EAAC7E01E334C66008DA833 /* Main.storyboard */ = {
			isa = PBXVariantGroup;
			children = (
				3EAAC7E11E334C66008DA833 /* Base */,
			);
			name = Main.storyboard;
			sourceTree = "<group>";
		};
		3EAAC7E51E334C66008DA833 /* LaunchScreen.storyboard */ = {
			isa = PBXVariantGroup;
			children = (
				3EAAC7E61E334C66008DA833 /* Base */,
			);
			name = LaunchScreen.storyboard;
			sourceTree = "<group>";
		};
/* End PBXVariantGroup section */

/* Begin XCBuildConfiguration section */
		3EAAC7E91E334C66008DA833 /* Debug */ = {
			isa = XCBuildConfiguration;
			buildSettings = {
				ALWAYS_SEARCH_USER_PATHS = NO;
				CLANG_ANALYZER_NONNULL = YES;
				CLANG_CXX_LANGUAGE_STANDARD = "gnu++0x";
				CLANG_CXX_LIBRARY = "libc++";
				CLANG_ENABLE_MODULES = YES;
				CLANG_ENABLE_OBJC_ARC = YES;
				CLANG_WARN_BOOL_CONVERSION = YES;
				CLANG_WARN_CONSTANT_CONVERSION = YES;
				CLANG_WARN_DIRECT_OBJC_ISA_USAGE = YES_ERROR;
				CLANG_WARN_DOCUMENTATION_COMMENTS = YES;
				CLANG_WARN_EMPTY_BODY = YES;
				CLANG_WARN_ENUM_CONVERSION = YES;
				CLANG_WARN_INFINITE_RECURSION = YES;
				CLANG_WARN_INT_CONVERSION = YES;
				CLANG_WARN_OBJC_ROOT_CLASS = YES_ERROR;
				CLANG_WARN_SUSPICIOUS_MOVE = YES;
				CLANG_WARN_UNREACHABLE_CODE = YES;
				CLANG_WARN__DUPLICATE_METHOD_MATCH = YES;
				"CODE_SIGN_IDENTITY[sdk=iphoneos*]" = "iPhone Developer";
				COPY_PHASE_STRIP = NO;
				DEBUG_INFORMATION_FORMAT = dwarf;
				ENABLE_STRICT_OBJC_MSGSEND = YES;
				ENABLE_TESTABILITY = YES;
				GCC_C_LANGUAGE_STANDARD = gnu99;
				GCC_DYNAMIC_NO_PIC = NO;
				GCC_NO_COMMON_BLOCKS = YES;
				GCC_OPTIMIZATION_LEVEL = 0;
				GCC_PREPROCESSOR_DEFINITIONS = (
					"DEBUG=1",
					"$(inherited)",
				);
				GCC_WARN_64_TO_32_BIT_CONVERSION = YES;
				GCC_WARN_ABOUT_RETURN_TYPE = YES_ERROR;
				GCC_WARN_UNDECLARED_SELECTOR = YES;
				GCC_WARN_UNINITIALIZED_AUTOS = YES_AGGRESSIVE;
				GCC_WARN_UNUSED_FUNCTION = YES;
				GCC_WARN_UNUSED_VARIABLE = YES;
				IPHONEOS_DEPLOYMENT_TARGET = 8.0;
				MTL_ENABLE_DEBUG_INFO = YES;
				ONLY_ACTIVE_ARCH = YES;
				SDKROOT = iphoneos;
				SWIFT_ACTIVE_COMPILATION_CONDITIONS = DEBUG;
				SWIFT_OPTIMIZATION_LEVEL = "-Onone";
				TARGETED_DEVICE_FAMILY = "1,2";
			};
			name = Debug;
		};
		3EAAC7EA1E334C66008DA833 /* Release */ = {
			isa = XCBuildConfiguration;
			buildSettings = {
				ALWAYS_SEARCH_USER_PATHS = NO;
				CLANG_ANALYZER_NONNULL = YES;
				CLANG_CXX_LANGUAGE_STANDARD = "gnu++0x";
				CLANG_CXX_LIBRARY = "libc++";
				CLANG_ENABLE_MODULES = YES;
				CLANG_ENABLE_OBJC_ARC = YES;
				CLANG_WARN_BOOL_CONVERSION = YES;
				CLANG_WARN_CONSTANT_CONVERSION = YES;
				CLANG_WARN_DIRECT_OBJC_ISA_USAGE = YES_ERROR;
				CLANG_WARN_DOCUMENTATION_COMMENTS = YES;
				CLANG_WARN_EMPTY_BODY = YES;
				CLANG_WARN_ENUM_CONVERSION = YES;
				CLANG_WARN_INFINITE_RECURSION = YES;
				CLANG_WARN_INT_CONVERSION = YES;
				CLANG_WARN_OBJC_ROOT_CLASS = YES_ERROR;
				CLANG_WARN_SUSPICIOUS_MOVE = YES;
				CLANG_WARN_UNREACHABLE_CODE = YES;
				CLANG_WARN__DUPLICATE_METHOD_MATCH = YES;
				"CODE_SIGN_IDENTITY[sdk=iphoneos*]" = "iPhone Developer";
				COPY_PHASE_STRIP = NO;
				DEBUG_INFORMATION_FORMAT = "dwarf-with-dsym";
				ENABLE_NS_ASSERTIONS = NO;
				ENABLE_STRICT_OBJC_MSGSEND = YES;
				GCC_C_LANGUAGE_STANDARD = gnu99;
				GCC_NO_COMMON_BLOCKS = YES;
				GCC_WARN_64_TO_32_BIT_CONVERSION = YES;
				GCC_WARN_ABOUT_RETURN_TYPE = YES_ERROR;
				GCC_WARN_UNDECLARED_SELECTOR = YES;
				GCC_WARN_UNINITIALIZED_AUTOS = YES_AGGRESSIVE;
				GCC_WARN_UNUSED_FUNCTION = YES;
				GCC_WARN_UNUSED_VARIABLE = YES;
				IPHONEOS_DEPLOYMENT_TARGET = 8.0;
				MTL_ENABLE_DEBUG_INFO = NO;
				SDKROOT = iphoneos;
				SWIFT_OPTIMIZATION_LEVEL = "-Owholemodule";
				TARGETED_DEVICE_FAMILY = "1,2";
				VALIDATE_PRODUCT = YES;
			};
			name = Release;
		};
		3EAAC7EC1E334C66008DA833 /* Debug */ = {
			isa = XCBuildConfiguration;
			baseConfigurationReference = 237A279EAD88F61A5F27C3A6 /* Pods-CodeViewerLite.debug.xcconfig */;
			buildSettings = {
				ASSETCATALOG_COMPILER_APPICON_NAME = AppIcon;
				INFOPLIST_FILE = CodeViewerLite/Info.plist;
				LD_RUNPATH_SEARCH_PATHS = "$(inherited) @executable_path/Frameworks";
				PRODUCT_BUNDLE_IDENTIFIER = wanghong.CodeViewerLite;
				PRODUCT_NAME = "$(TARGET_NAME)";
				SWIFT_VERSION = 3.0;
			};
			name = Debug;
		};
		3EAAC7ED1E334C66008DA833 /* Release */ = {
			isa = XCBuildConfiguration;
			baseConfigurationReference = A248E6C52A0FF4FB1399C6CF /* Pods-CodeViewerLite.release.xcconfig */;
			buildSettings = {
				ASSETCATALOG_COMPILER_APPICON_NAME = AppIcon;
				INFOPLIST_FILE = CodeViewerLite/Info.plist;
				LD_RUNPATH_SEARCH_PATHS = "$(inherited) @executable_path/Frameworks";
				PRODUCT_BUNDLE_IDENTIFIER = wanghong.CodeViewerLite;
				PRODUCT_NAME = "$(TARGET_NAME)";
				SWIFT_VERSION = 3.0;
			};
			name = Release;
		};
/* End XCBuildConfiguration section */

/* Begin XCConfigurationList section */
		3EAAC7D41E334C66008DA833 /* Build configuration list for PBXProject "CodeViewerLite" */ = {
			isa = XCConfigurationList;
			buildConfigurations = (
				3EAAC7E91E334C66008DA833 /* Debug */,
				3EAAC7EA1E334C66008DA833 /* Release */,
			);
			defaultConfigurationIsVisible = 0;
			defaultConfigurationName = Release;
		};
		3EAAC7EB1E334C66008DA833 /* Build configuration list for PBXNativeTarget "CodeViewerLite" */ = {
			isa = XCConfigurationList;
			buildConfigurations = (
				3EAAC7EC1E334C66008DA833 /* Debug */,
				3EAAC7ED1E334C66008DA833 /* Release */,
			);
			defaultConfigurationIsVisible = 0;
			defaultConfigurationName = Release;
		};
/* End XCConfigurationList section */
	};
	rootObject = 3EAAC7D11E334C66008DA833 /* Project object */;
}
